
Microsoft Visual Studio Solution File, Format Version 12.00
# Visual Studio 14
VisualStudioVersion = 14.0.23107.0
MinimumVisualStudioVersion = 10.0.40219.1
Project("{FAE04EC0-301F-11D3-BF4B-00C04F79EFBC}") = "CreateArray", "CreateArray\CreateArray.csproj", "{C7C606B2-C46E-4132-B3E5-3299F9683CC5}"
EndProject
Project("{FAE04EC0-301F-11D3-BF4B-00C04F79EFBC}") = "Fibonacci", "Fibonacci\Fibonacci.csproj", "{EAE40AFF-946F-4D19-966D-B1E024C5E4F6}"
EndProject
Project("{FAE04EC0-301F-11D3-BF4B-00C04F79EFBC}") = "FindnumberinArray", "FindnumberinArray\FindnumberinArray.csproj", "{822F56D7-1FEB-4F5C-BA59-65FA96CC6D35}"
EndProject
Project("{FAE04EC0-301F-11D3-BF4B-00C04F79EFBC}") = "SumOfEvennumbers", "SumOfEvennumbers\SumOfEvennumbers.csproj", "{5F09ED89-F709-46D1-8198-E3CB994C9A6C}"
EndProject
Global
	GlobalSection(SolutionConfigurationPlatforms) = preSolution
		Debug|Any CPU = Debug|Any CPU
		Release|Any CPU = Release|Any CPU
	EndGlobalSection
	GlobalSection(ProjectConfigurationPlatforms) = postSolution
		{C7C606B2-C46E-4132-B3E5-3299F9683CC5}.Debug|Any CPU.ActiveCfg = Debug|Any CPU
		{C7C606B2-C46E-4132-B3E5-3299F9683CC5}.Debug|Any CPU.Build.0 = Debug|Any CPU
		{C7C606B2-C46E-4132-B3E5-3299F9683CC5}.Release|Any CPU.ActiveCfg = Release|Any CPU
		{C7C606B2-C46E-4132-B3E5-3299F9683CC5}.Release|Any CPU.Build.0 = Release|Any CPU
		{EAE40AFF-946F-4D19-966D-B1E024C5E4F6}.Debug|Any CPU.ActiveCfg = Debug|Any CPU
		{EAE40AFF-946F-4D19-966D-B1E024C5E4F6}.Debug|Any CPU.Build.0 = Debug|Any CPU
		{EAE40AFF-946F-4D19-966D-B1E024C5E4F6}.Release|Any CPU.ActiveCfg = Release|Any CPU
		{EAE40AFF-946F-4D19-966D-B1E024C5E4F6}.Release|Any CPU.Build.0 = Release|Any CPU
		{822F56D7-1FEB-4F5C-BA59-65FA96CC6D35}.Debug|Any CPU.ActiveCfg = Debug|Any CPU
		{822F56D7-1FEB-4F5C-BA59-65FA96CC6D35}.Debug|Any CPU.Build.0 = Debug|Any CPU
		{822F56D7-1FEB-4F5C-BA59-65FA96CC6D35}.Release|Any CPU.ActiveCfg = Release|Any CPU
		{822F56D7-1FEB-4F5C-BA59-65FA96CC6D35}.Release|Any CPU.Build.0 = Release|Any CPU
		{5F09ED89-F709-46D1-8198-E3CB994C9A6C}.Debug|Any CPU.ActiveCfg = Debug|Any CPU
		{5F09ED89-F709-46D1-8198-E3CB994C9A6C}.Debug|Any CPU.Build.0 = Debug|Any CPU
		{5F09ED89-F709-46D1-8198-E3CB994C9A6C}.Release|Any CPU.ActiveCfg = Release|Any CPU
		{5F09ED89-F709-46D1-8198-E3CB994C9A6C}.Release|Any CPU.Build.0 = Release|Any CPU
	EndGlobalSection
	GlobalSection(SolutionProperties) = preSolution
		HideSolutionNode = FALSE
	EndGlobalSection
EndGlobal
